// !$*UTF8*$!
{
	archiveVersion = 1;
	classes = {
	};
	objectVersion = 50;
	objects = {

/* Begin PBXBuildFile section */
		178798FE27C6AB8400E5499C /* AboutPage.swift in Sources */ = {isa = PBXBuildFile; fileRef = 178798FD27C6AB8400E5499C /* AboutPage.swift */; };
		1787990027C6ABB600E5499C /* AboutButton.swift in Sources */ = {isa = PBXBuildFile; fileRef = 178798FF27C6ABB600E5499C /* AboutButton.swift */; };
		1787990227C6ABD700E5499C /* HomePage.swift in Sources */ = {isa = PBXBuildFile; fileRef = 1787990127C6ABD700E5499C /* HomePage.swift */; };
		EF383E8D2738A39A00C0688E /* ParkingColumn.swift in Sources */ = {isa = PBXBuildFile; fileRef = EF383E8C2738A39A00C0688E /* ParkingColumn.swift */; };
		EF398BD5274C9A5700FF6734 /* Network.swift in Sources */ = {isa = PBXBuildFile; fileRef = EF398BD4274C9A5700FF6734 /* Network.swift */; };
		EF7B3BAF27374BD700AFB90B /* ParkingLayout.swift in Sources */ = {isa = PBXBuildFile; fileRef = EF7B3BAE27374BD700AFB90B /* ParkingLayout.swift */; };
		EF7B3BB227374D1300AFB90B /* ParkingSpot.swift in Sources */ = {isa = PBXBuildFile; fileRef = EF7B3BB127374D1300AFB90B /* ParkingSpot.swift */; };
		EF8E4C0527407BAC00680FB4 /* Setting.swift in Sources */ = {isa = PBXBuildFile; fileRef = EF8E4C0427407BAC00680FB4 /* Setting.swift */; };
		EF9CEF35271F8A9C00A40BAA /* Smart_parkingApp.swift in Sources */ = {isa = PBXBuildFile; fileRef = EF9CEF34271F8A9C00A40BAA /* Smart_parkingApp.swift */; };
		EF9CEF37271F8A9C00A40BAA /* ParkingLot.swift in Sources */ = {isa = PBXBuildFile; fileRef = EF9CEF36271F8A9C00A40BAA /* ParkingLot.swift */; };
		EF9CEF39271F8A9F00A40BAA /* Assets.xcassets in Resources */ = {isa = PBXBuildFile; fileRef = EF9CEF38271F8A9F00A40BAA /* Assets.xcassets */; };
		EF9CEF3C271F8A9F00A40BAA /* Preview Assets.xcassets in Resources */ = {isa = PBXBuildFile; fileRef = EF9CEF3B271F8A9F00A40BAA /* Preview Assets.xcassets */; };
		EFD8E0E3273F19E800DB025B /* Legend.swift in Sources */ = {isa = PBXBuildFile; fileRef = EFD8E0E2273F19E800DB025B /* Legend.swift */; };
/* End PBXBuildFile section */

/* Begin PBXFileReference section */
		178798FD27C6AB8400E5499C /* AboutPage.swift */ = {isa = PBXFileReference; lastKnownFileType = sourcecode.swift; path = AboutPage.swift; sourceTree = "<group>"; };
		178798FF27C6ABB600E5499C /* AboutButton.swift */ = {isa = PBXFileReference; lastKnownFileType = sourcecode.swift; path = AboutButton.swift; sourceTree = "<group>"; };
		1787990127C6ABD700E5499C /* HomePage.swift */ = {isa = PBXFileReference; lastKnownFileType = sourcecode.swift; path = HomePage.swift; sourceTree = "<group>"; wrapsLines = 1; };
		EF383E8C2738A39A00C0688E /* ParkingColumn.swift */ = {isa = PBXFileReference; lastKnownFileType = sourcecode.swift; path = ParkingColumn.swift; sourceTree = "<group>"; };
		EF398BD4274C9A5700FF6734 /* Network.swift */ = {isa = PBXFileReference; lastKnownFileType = sourcecode.swift; path = Network.swift; sourceTree = "<group>"; };
		EF7B3BAE27374BD700AFB90B /* ParkingLayout.swift */ = {isa = PBXFileReference; lastKnownFileType = sourcecode.swift; path = ParkingLayout.swift; sourceTree = "<group>"; };
		EF7B3BB127374D1300AFB90B /* ParkingSpot.swift */ = {isa = PBXFileReference; lastKnownFileType = sourcecode.swift; path = ParkingSpot.swift; sourceTree = "<group>"; };
		EF8E4C0427407BAC00680FB4 /* Setting.swift */ = {isa = PBXFileReference; lastKnownFileType = sourcecode.swift; path = Setting.swift; sourceTree = "<group>"; };
		EF9CEF31271F8A9C00A40BAA /* Smart parking.app */ = {isa = PBXFileReference; explicitFileType = wrapper.application; includeInIndex = 0; path = "Smart parking.app"; sourceTree = BUILT_PRODUCTS_DIR; };
		EF9CEF34271F8A9C00A40BAA /* Smart_parkingApp.swift */ = {isa = PBXFileReference; lastKnownFileType = sourcecode.swift; path = Smart_parkingApp.swift; sourceTree = "<group>"; };
		EF9CEF36271F8A9C00A40BAA /* ParkingLot.swift */ = {isa = PBXFileReference; lastKnownFileType = sourcecode.swift; path = ParkingLot.swift; sourceTree = "<group>"; };
		EF9CEF38271F8A9F00A40BAA /* Assets.xcassets */ = {isa = PBXFileReference; lastKnownFileType = folder.assetcatalog; path = Assets.xcassets; sourceTree = "<group>"; };
		EF9CEF3B271F8A9F00A40BAA /* Preview Assets.xcassets */ = {isa = PBXFileReference; lastKnownFileType = folder.assetcatalog; path = "Preview Assets.xcassets"; sourceTree = "<group>"; };
		EF9CEF3D271F8A9F00A40BAA /* Info.plist */ = {isa = PBXFileReference; lastKnownFileType = text.plist.xml; path = Info.plist; sourceTree = "<group>"; };
		EFD8E0E2273F19E800DB025B /* Legend.swift */ = {isa = PBXFileReference; lastKnownFileType = sourcecode.swift; path = Legend.swift; sourceTree = "<group>"; };
/* End PBXFileReference section */

/* Begin PBXFrameworksBuildPhase section */
		EF9CEF2E271F8A9C00A40BAA /* Frameworks */ = {
			isa = PBXFrameworksBuildPhase;
			buildActionMask = 2147483647;
			files = (
			);
			runOnlyForDeploymentPostprocessing = 0;
		};
/* End PBXFrameworksBuildPhase section */

/* Begin PBXGroup section */
		EF9CEF28271F8A9C00A40BAA = {
			isa = PBXGroup;
			children = (
				EF9CEF33271F8A9C00A40BAA /* Smart parking */,
				EF9CEF32271F8A9C00A40BAA /* Products */,
			);
			sourceTree = "<group>";
		};
		EF9CEF32271F8A9C00A40BAA /* Products */ = {
			isa = PBXGroup;
			children = (
				EF9CEF31271F8A9C00A40BAA /* Smart parking.app */,
			);
			name = Products;
			sourceTree = "<group>";
		};
		EF9CEF33271F8A9C00A40BAA /* Smart parking */ = {
			isa = PBXGroup;
			children = (
				EF9CEF34271F8A9C00A40BAA /* Smart_parkingApp.swift */,
				EF8E4C0427407BAC00680FB4 /* Setting.swift */,
				178798FD27C6AB8400E5499C /* AboutPage.swift */,
				178798FF27C6ABB600E5499C /* AboutButton.swift */,
				1787990127C6ABD700E5499C /* HomePage.swift */,
				EF398BD4274C9A5700FF6734 /* Network.swift */,
				EF7B3BAE27374BD700AFB90B /* ParkingLayout.swift */,
				EF9CEF36271F8A9C00A40BAA /* ParkingLot.swift */,
				EFD8E0E2273F19E800DB025B /* Legend.swift */,
				EF383E8C2738A39A00C0688E /* ParkingColumn.swift */,
				EF7B3BB127374D1300AFB90B /* ParkingSpot.swift */,
				EF9CEF38271F8A9F00A40BAA /* Assets.xcassets */,
				EF9CEF3D271F8A9F00A40BAA /* Info.plist */,
				EF9CEF3A271F8A9F00A40BAA /* Preview Content */,
			);
			path = "Smart parking";
			sourceTree = "<group>";
		};
		EF9CEF3A271F8A9F00A40BAA /* Preview Content */ = {
			isa = PBXGroup;
			children = (
				EF9CEF3B271F8A9F00A40BAA /* Preview Assets.xcassets */,
			);
			path = "Preview Content";
			sourceTree = "<group>";
		};
/* End PBXGroup section */

/* Begin PBXNativeTarget section */
		EF9CEF30271F8A9C00A40BAA /* Smart parking */ = {
			isa = PBXNativeTarget;
			buildConfigurationList = EF9CEF40271F8A9F00A40BAA /* Build configuration list for PBXNativeTarget "Smart parking" */;
			buildPhases = (
				EF9CEF2D271F8A9C00A40BAA /* Sources */,
				EF9CEF2E271F8A9C00A40BAA /* Frameworks */,
				EF9CEF2F271F8A9C00A40BAA /* Resources */,
			);
			buildRules = (
			);
			dependencies = (
			);
			name = "Smart parking";
			productName = "Smart parking";
			productReference = EF9CEF31271F8A9C00A40BAA /* Smart parking.app */;
			productType = "com.apple.product-type.application";
		};
/* End PBXNativeTarget section */

/* Begin PBXProject section */
		EF9CEF29271F8A9C00A40BAA /* Project object */ = {
			isa = PBXProject;
			attributes = {
				LastSwiftUpdateCheck = 1210;
				LastUpgradeCheck = 1210;
				TargetAttributes = {
					EF9CEF30271F8A9C00A40BAA = {
						CreatedOnToolsVersion = 12.1;
					};
				};
			};
			buildConfigurationList = EF9CEF2C271F8A9C00A40BAA /* Build configuration list for PBXProject "Smart parking" */;
			compatibilityVersion = "Xcode 9.3";
			developmentRegion = en;
			hasScannedForEncodings = 0;
			knownRegions = (
				en,
				Base,
			);
			mainGroup = EF9CEF28271F8A9C00A40BAA;
			productRefGroup = EF9CEF32271F8A9C00A40BAA /* Products */;
			projectDirPath = "";
			projectRoot = "";
			targets = (
				EF9CEF30271F8A9C00A40BAA /* Smart parking */,
			);
		};
/* End PBXProject section */

/* Begin PBXResourcesBuildPhase section */
		EF9CEF2F271F8A9C00A40BAA /* Resources */ = {
			isa = PBXResourcesBuildPhase;
			buildActionMask = 2147483647;
			files = (
				EF9CEF3C271F8A9F00A40BAA /* Preview Assets.xcassets in Resources */,
				EF9CEF39271F8A9F00A40BAA /* Assets.xcassets in Resources */,
			);
			runOnlyForDeploymentPostprocessing = 0;
		};
/* End PBXResourcesBuildPhase section */

/* Begin PBXSourcesBuildPhase section */
		EF9CEF2D271F8A9C00A40BAA /* Sources */ = {
			isa = PBXSourcesBuildPhase;
			buildActionMask = 2147483647;
			files = (
				EF7B3BAF27374BD700AFB90B /* ParkingLayout.swift in Sources */,
				1787990227C6ABD700E5499C /* HomePage.swift in Sources */,
				EF9CEF37271F8A9C00A40BAA /* ParkingLot.swift in Sources */,
				178798FE27C6AB8400E5499C /* AboutPage.swift in Sources */,
				1787990027C6ABB600E5499C /* AboutButton.swift in Sources */,
				EF7B3BB227374D1300AFB90B /* ParkingSpot.swift in Sources */,
				EF9CEF35271F8A9C00A40BAA /* Smart_parkingApp.swift in Sources */,
				EF8E4C0527407BAC00680FB4 /* Setting.swift in Sources */,
				EFD8E0E3273F19E800DB025B /* Legend.swift in Sources */,
				EF398BD5274C9A5700FF6734 /* Network.swift in Sources */,
				EF383E8D2738A39A00C0688E /* ParkingColumn.swift in Sources */,
			);
			runOnlyForDeploymentPostprocessing = 0;
		};
/* End PBXSourcesBuildPhase section */

/* Begin XCBuildConfiguration section */
		EF9CEF3E271F8A9F00A40BAA /* Debug */ = {
			isa = XCBuildConfiguration;
			buildSettings = {
				ALWAYS_SEARCH_USER_PATHS = NO;
				CLANG_ANALYZER_NONNULL = YES;
				CLANG_ANALYZER_NUMBER_OBJECT_CONVERSION = YES_AGGRESSIVE;
				CLANG_CXX_LANGUAGE_STANDARD = "gnu++14";
				CLANG_CXX_LIBRARY = "libc++";
				CLANG_ENABLE_MODULES = YES;
				CLANG_ENABLE_OBJC_ARC = YES;
				CLANG_ENABLE_OBJC_WEAK = YES;
				CLANG_WARN_BLOCK_CAPTURE_AUTORELEASING = YES;
				CLANG_WARN_BOOL_CONVERSION = YES;
				CLANG_WARN_COMMA = YES;
				CLANG_WARN_CONSTANT_CONVERSION = YES;
				CLANG_WARN_DEPRECATED_OBJC_IMPLEMENTATIONS = YES;
				CLANG_WARN_DIRECT_OBJC_ISA_USAGE = YES_ERROR;
				CLANG_WARN_DOCUMENTATION_COMMENTS = YES;
				CLANG_WARN_EMPTY_BODY = YES;
				CLANG_WARN_ENUM_CONVERSION = YES;
				CLANG_WARN_INFINITE_RECURSION = YES;
				CLANG_WARN_INT_CONVERSION = YES;
				CLANG_WARN_NON_LITERAL_NULL_CONVERSION = YES;
				CLANG_WARN_OBJC_IMPLICIT_RETAIN_SELF = YES;
				CLANG_WARN_OBJC_LITERAL_CONVERSION = YES;
				CLANG_WARN_OBJC_ROOT_CLASS = YES_ERROR;
				CLANG_WARN_QUOTED_INCLUDE_IN_FRAMEWORK_HEADER = YES;
				CLANG_WARN_RANGE_LOOP_ANALYSIS = YES;
				CLANG_WARN_STRICT_PROTOTYPES = YES;
				CLANG_WARN_SUSPICIOUS_MOVE = YES;
				CLANG_WARN_UNGUARDED_AVAILABILITY = YES_AGGRESSIVE;
				CLANG_WARN_UNREACHABLE_CODE = YES;
				CLANG_WARN__DUPLICATE_METHOD_MATCH = YES;
				COPY_PHASE_STRIP = NO;
				DEBUG_INFORMATION_FORMAT = dwarf;
				ENABLE_STRICT_OBJC_MSGSEND = YES;
				ENABLE_TESTABILITY = YES;
				GCC_C_LANGUAGE_STANDARD = gnu11;
				GCC_DYNAMIC_NO_PIC = NO;
				GCC_NO_COMMON_BLOCKS = YES;
				GCC_OPTIMIZATION_LEVEL = 0;
				GCC_PREPROCESSOR_DEFINITIONS = (
					"DEBUG=1",
					"$(inherited)",
				);
				GCC_WARN_64_TO_32_BIT_CONVERSION = YES;
				GCC_WARN_ABOUT_RETURN_TYPE = YES_ERROR;
				GCC_WARN_UNDECLARED_SELECTOR = YES;
				GCC_WARN_UNINITIALIZED_AUTOS = YES_AGGRESSIVE;
				GCC_WARN_UNUSED_FUNCTION = YES;
				GCC_WARN_UNUSED_VARIABLE = YES;
				IPHONEOS_DEPLOYMENT_TARGET = 14.1;
				MTL_ENABLE_DEBUG_INFO = INCLUDE_SOURCE;
				MTL_FAST_MATH = YES;
				ONLY_ACTIVE_ARCH = YES;
				SDKROOT = iphoneos;
				SWIFT_ACTIVE_COMPILATION_CONDITIONS = DEBUG;
				SWIFT_OPTIMIZATION_LEVEL = "-Onone";
			};
			name = Debug;
		};
		EF9CEF3F271F8A9F00A40BAA /* Release */ = {
			isa = XCBuildConfiguration;
			buildSettings = {
				ALWAYS_SEARCH_USER_PATHS = NO;
				CLANG_ANALYZER_NONNULL = YES;
				CLANG_ANALYZER_NUMBER_OBJECT_CONVERSION = YES_AGGRESSIVE;
				CLANG_CXX_LANGUAGE_STANDARD = "gnu++14";
				CLANG_CXX_LIBRARY = "libc++";
				CLANG_ENABLE_MODULES = YES;
				CLANG_ENABLE_OBJC_ARC = YES;
				CLANG_ENABLE_OBJC_WEAK = YES;
				CLANG_WARN_BLOCK_CAPTURE_AUTORELEASING = YES;
				CLANG_WARN_BOOL_CONVERSION = YES;
				CLANG_WARN_COMMA = YES;
				CLANG_WARN_CONSTANT_CONVERSION = YES;
				CLANG_WARN_DEPRECATED_OBJC_IMPLEMENTATIONS = YES;
				CLANG_WARN_DIRECT_OBJC_ISA_USAGE = YES_ERROR;
				CLANG_WARN_DOCUMENTATION_COMMENTS = YES;
				CLANG_WARN_EMPTY_BODY = YES;
				CLANG_WARN_ENUM_CONVERSION = YES;
				CLANG_WARN_INFINITE_RECURSION = YES;
				CLANG_WARN_INT_CONVERSION = YES;
				CLANG_WARN_NON_LITERAL_NULL_CONVERSION = YES;
				CLANG_WARN_OBJC_IMPLICIT_RETAIN_SELF = YES;
				CLANG_WARN_OBJC_LITERAL_CONVERSION = YES;
				CLANG_WARN_OBJC_ROOT_CLASS = YES_ERROR;
				CLANG_WARN_QUOTED_INCLUDE_IN_FRAMEWORK_HEADER = YES;
				CLANG_WARN_RANGE_LOOP_ANALYSIS = YES;
				CLANG_WARN_STRICT_PROTOTYPES = YES;
				CLANG_WARN_SUSPICIOUS_MOVE = YES;
				CLANG_WARN_UNGUARDED_AVAILABILITY = YES_AGGRESSIVE;
				CLANG_WARN_UNREACHABLE_CODE = YES;
				CLANG_WARN__DUPLICATE_METHOD_MATCH = YES;
				COPY_PHASE_STRIP = NO;
				DEBUG_INFORMATION_FORMAT = "dwarf-with-dsym";
				ENABLE_NS_ASSERTIONS = NO;
				ENABLE_STRICT_OBJC_MSGSEND = YES;
				GCC_C_LANGUAGE_STANDARD = gnu11;
				GCC_NO_COMMON_BLOCKS = YES;
				GCC_WARN_64_TO_32_BIT_CONVERSION = YES;
				GCC_WARN_ABOUT_RETURN_TYPE = YES_ERROR;
				GCC_WARN_UNDECLARED_SELECTOR = YES;
				GCC_WARN_UNINITIALIZED_AUTOS = YES_AGGRESSIVE;
				GCC_WARN_UNUSED_FUNCTION = YES;
				GCC_WARN_UNUSED_VARIABLE = YES;
				IPHONEOS_DEPLOYMENT_TARGET = 14.1;
				MTL_ENABLE_DEBUG_INFO = NO;
				MTL_FAST_MATH = YES;
				SDKROOT = iphoneos;
				SWIFT_COMPILATION_MODE = wholemodule;
				SWIFT_OPTIMIZATION_LEVEL = "-O";
				VALIDATE_PRODUCT = YES;
			};
			name = Release;
		};
		EF9CEF41271F8A9F00A40BAA /* Debug */ = {
			isa = XCBuildConfiguration;
			buildSettings = {
				ASSETCATALOG_COMPILER_APPICON_NAME = AppIcon;
				ASSETCATALOG_COMPILER_GLOBAL_ACCENT_COLOR_NAME = AccentColor;
				CODE_SIGN_STYLE = Automatic;
				DEVELOPMENT_ASSET_PATHS = "\"Smart parking/Preview Content\"";
				DEVELOPMENT_TEAM = 2M9A7992SS;
				ENABLE_PREVIEWS = YES;
				INFOPLIST_FILE = "Smart parking/Info.plist";
				IPHONEOS_DEPLOYMENT_TARGET = 14.0;
				LD_RUNPATH_SEARCH_PATHS = (
					"$(inherited)",
					"@executable_path/Frameworks",
				);
				PRODUCT_BUNDLE_IDENTIFIER = "com-trongvan.Smart-parking";
				PRODUCT_NAME = "$(TARGET_NAME)";
				SWIFT_VERSION = 5.0;
				TARGETED_DEVICE_FAMILY = "1,2";
			};
			name = Debug;
		};
		EF9CEF42271F8A9F00A40BAA /* Release */ = {
			isa = XCBuildConfiguration;
			buildSettings = {
				ASSETCATALOG_COMPILER_APPICON_NAME = AppIcon;
				ASSETCATALOG_COMPILER_GLOBAL_ACCENT_COLOR_NAME = AccentColor;
				CODE_SIGN_STYLE = Automatic;
				DEVELOPMENT_ASSET_PATHS = "\"Smart parking/Preview Content\"";
				DEVELOPMENT_TEAM = 2M9A7992SS;
				ENABLE_PREVIEWS = YES;
				INFOPLIST_FILE = "Smart parking/Info.plist";
				IPHONEOS_DEPLOYMENT_TARGET = 14.0;
				LD_RUNPATH_SEARCH_PATHS = (
					"$(inherited)",
					"@executable_path/Frameworks",
				);
				PRODUCT_BUNDLE_IDENTIFIER = "com-trongvan.Smart-parking";
				PRODUCT_NAME = "$(TARGET_NAME)";
				SWIFT_VERSION = 5.0;
				TARGETED_DEVICE_FAMILY = "1,2";
			};
			name = Release;
		};
/* End XCBuildConfiguration section */

/* Begin XCConfigurationList section */
		EF9CEF2C271F8A9C00A40BAA /* Build configuration list for PBXProject "Smart parking" */ = {
			isa = XCConfigurationList;
			buildConfigurations = (
				EF9CEF3E271F8A9F00A40BAA /* Debug */,
				EF9CEF3F271F8A9F00A40BAA /* Release */,
			);
			defaultConfigurationIsVisible = 0;
			defaultConfigurationName = Release;
		};
		EF9CEF40271F8A9F00A40BAA /* Build configuration list for PBXNativeTarget "Smart parking" */ = {
			isa = XCConfigurationList;
			buildConfigurations = (
				EF9CEF41271F8A9F00A40BAA /* Debug */,
				EF9CEF42271F8A9F00A40BAA /* Release */,
			);
			defaultConfigurationIsVisible = 0;
			defaultConfigurationName = Release;
		};
/* End XCConfigurationList section */
	};
	rootObject = EF9CEF29271F8A9C00A40BAA /* Project object */;
}
